
Microsoft Visual Studio Solution File, Format Version 12.00
# Visual Studio Version 17
VisualStudioVersion = 17.3.32901.215
MinimumVisualStudioVersion = 10.0.40219.1
Project("{FAE04EC0-301F-11D3-BF4B-00C04F79EFBC}") = "String Intern", "String Intern\String Intern.csproj", "{AC83EBA3-90A1-47FC-AD28-DEB0EC8A5A59}"
EndProject
Global
	GlobalSection(SolutionConfigurationPlatforms) = preSolution
		Debug|Any CPU = Debug|Any CPU
		Release|Any CPU = Release|Any CPU
	EndGlobalSection
	GlobalSection(ProjectConfigurationPlatforms) = postSolution
		{AC83EBA3-90A1-47FC-AD28-DEB0EC8A5A59}.Debug|Any CPU.ActiveCfg = Debug|Any CPU
		{AC83EBA3-90A1-47FC-AD28-DEB0EC8A5A59}.Debug|Any CPU.Build.0 = Debug|Any CPU
		{AC83EBA3-90A1-47FC-AD28-DEB0EC8A5A59}.Release|Any CPU.ActiveCfg = Release|Any CPU
		{AC83EBA3-90A1-47FC-AD28-DEB0EC8A5A59}.Release|Any CPU.Build.0 = Release|Any CPU
	EndGlobalSection
	GlobalSection(SolutionProperties) = preSolution
		HideSolutionNode = FALSE
	EndGlobalSection
	GlobalSection(ExtensibilityGlobals) = postSolution
		SolutionGuid = {0B8CECA8-392C-415B-B471-D57732471749}
	EndGlobalSection
EndGlobal
